dependencies:
- name: nats
  repository: https://nats-io.github.io/k8s/helm/charts/
  version: 2.14.2
- name: opentelemetry-collector
  repository: https://open-telemetry.github.io/opentelemetry-helm-charts
  version: 0.147.2
digest: sha256:bfd66368e6e992f40e1ea677718c206dba994d6b62a78bbc8d87fb68810524dc
generated: "2026-06-19T09:36:05.817741-03:00"
