dependencies:
- name: nats
  repository: https://nats-io.github.io/k8s/helm/charts/
  version: 2.14.2
- name: opentelemetry-collector
  repository: https://open-telemetry.github.io/opentelemetry-helm-charts
  version: 0.147.2
- name: clickhouse-operator-helm
  repository: oci://ghcr.io/clickhouse
  version: 0.0.6
- name: clickhouse-cluster-helm
  repository: oci://ghcr.io/clickhouse
  version: 0.0.6
digest: sha256:939cb9627e5fcc6925c1e1dc25997fe121e6959c426d5fda29edc6b2b84fecee
generated: "2026-07-07T19:25:25.23082-03:00"
